
Microsoft Visual Studio Solution File, Format Version 12.00
# Visual Studio Version 17
VisualStudioVersion = 17.5.33530.505
MinimumVisualStudioVersion = 10.0.40219.1
Project("{FAE04EC0-301F-11D3-BF4B-00C04F79EFBC}") = "WebApplicationFCCCrashCourseJokeApp", "WebApplicationFCCCrashCourseJokeApp\WebApplicationFCCCrashCourseJokeApp.csproj", "{1BBF49B8-9CD5-44E8-BB35-3AAC1AA9BA24}"
EndProject
Global
	GlobalSection(SolutionConfigurationPlatforms) = preSolution
		Debug|Any CPU = Debug|Any CPU
		Release|Any CPU = Release|Any CPU
	EndGlobalSection
	GlobalSection(ProjectConfigurationPlatforms) = postSolution
		{1BBF49B8-9CD5-44E8-BB35-3AAC1AA9BA24}.Debug|Any CPU.ActiveCfg = Debug|Any CPU
		{1BBF49B8-9CD5-44E8-BB35-3AAC1AA9BA24}.Debug|Any CPU.Build.0 = Debug|Any CPU
		{1BBF49B8-9CD5-44E8-BB35-3AAC1AA9BA24}.Release|Any CPU.ActiveCfg = Release|Any CPU
		{1BBF49B8-9CD5-44E8-BB35-3AAC1AA9BA24}.Release|Any CPU.Build.0 = Release|Any CPU
	EndGlobalSection
	GlobalSection(SolutionProperties) = preSolution
		HideSolutionNode = FALSE
	EndGlobalSection
	GlobalSection(ExtensibilityGlobals) = postSolution
		SolutionGuid = {0F2E90DA-9263-4BCB-92AB-A0BEB2BD30F3}
	EndGlobalSection
EndGlobal
